
Microsoft Visual Studio Solution File, Format Version 12.00
# Visual Studio Version 17
VisualStudioVersion = 17.14.36202.13
MinimumVisualStudioVersion = 10.0.40219.1
Project("{9A19103F-16F7-4668-BE54-9A1E7A4F7556}") = "MonPDReborn", "MonPDReborn\MonPDReborn.csproj", "{D50573D2-6EF2-4191-9C71-A62E9BF96E33}"
EndProject
Project("{2150E333-8FDC-42A3-9474-1A3956D46DE8}") = "DevExtreme NuGet.config", "DevExtreme NuGet.config", "{02EA681E-C7D8-13C7-8484-4AC65E1B71E8}"
	ProjectSection(SolutionItems) = preProject
		NuGet.config = NuGet.config
	EndProjectSection
EndProject
Project("{9A19103F-16F7-4668-BE54-9A1E7A4F7556}") = "MonPDLib", "MonPDLib\MonPDLib.csproj", "{0D08D4FE-E016-4AD0-B37E-23BE5B57A5DF}"
EndProject
Project("{FAE04EC0-301F-11D3-BF4B-00C04F79EFBC}") = "AbtWs", "AbtWs\AbtWs.csproj", "{188B4C7C-0313-4088-A5D6-B736689D5C52}"
EndProject
Project("{FAE04EC0-301F-11D3-BF4B-00C04F79EFBC}") = "HotelWs", "HotelWs\HotelWs.csproj", "{43AFDF72-887A-4DCE-B09A-8C90A04695BC}"
EndProject
Project("{FAE04EC0-301F-11D3-BF4B-00C04F79EFBC}") = "RestoWs", "RestoWs\RestoWs.csproj", "{1892BC8F-9B3D-451F-B468-7ADD0C382086}"
EndProject
Project("{FAE04EC0-301F-11D3-BF4B-00C04F79EFBC}") = "ParkirWs", "ParkirWs\ParkirWs.csproj", "{E4A86946-C4B8-44EB-8D80-105937F31BFD}"
EndProject
Project("{FAE04EC0-301F-11D3-BF4B-00C04F79EFBC}") = "HiburanWs", "HiburanWs\HiburanWs.csproj", "{C11FBED8-0C33-4707-B0E9-DBF722D097FE}"
EndProject
Project("{FAE04EC0-301F-11D3-BF4B-00C04F79EFBC}") = "PPJWs", "PPJWs\PPJWs.csproj", "{0D810859-AF5E-48C8-8D90-4EB64DA6D9BA}"
EndProject
Global
	GlobalSection(SolutionConfigurationPlatforms) = preSolution
		Debug|Any CPU = Debug|Any CPU
		Release|Any CPU = Release|Any CPU
	EndGlobalSection
	GlobalSection(ProjectConfigurationPlatforms) = postSolution
		{D50573D2-6EF2-4191-9C71-A62E9BF96E33}.Debug|Any CPU.ActiveCfg = Debug|Any CPU
		{D50573D2-6EF2-4191-9C71-A62E9BF96E33}.Debug|Any CPU.Build.0 = Debug|Any CPU
		{D50573D2-6EF2-4191-9C71-A62E9BF96E33}.Release|Any CPU.ActiveCfg = Release|Any CPU
		{D50573D2-6EF2-4191-9C71-A62E9BF96E33}.Release|Any CPU.Build.0 = Release|Any CPU
		{0D08D4FE-E016-4AD0-B37E-23BE5B57A5DF}.Debug|Any CPU.ActiveCfg = Debug|Any CPU
		{0D08D4FE-E016-4AD0-B37E-23BE5B57A5DF}.Debug|Any CPU.Build.0 = Debug|Any CPU
		{0D08D4FE-E016-4AD0-B37E-23BE5B57A5DF}.Release|Any CPU.ActiveCfg = Release|Any CPU
		{0D08D4FE-E016-4AD0-B37E-23BE5B57A5DF}.Release|Any CPU.Build.0 = Release|Any CPU
		{188B4C7C-0313-4088-A5D6-B736689D5C52}.Debug|Any CPU.ActiveCfg = Debug|Any CPU
		{188B4C7C-0313-4088-A5D6-B736689D5C52}.Debug|Any CPU.Build.0 = Debug|Any CPU
		{188B4C7C-0313-4088-A5D6-B736689D5C52}.Release|Any CPU.ActiveCfg = Release|Any CPU
		{188B4C7C-0313-4088-A5D6-B736689D5C52}.Release|Any CPU.Build.0 = Release|Any CPU
		{43AFDF72-887A-4DCE-B09A-8C90A04695BC}.Debug|Any CPU.ActiveCfg = Debug|Any CPU
		{43AFDF72-887A-4DCE-B09A-8C90A04695BC}.Debug|Any CPU.Build.0 = Debug|Any CPU
		{43AFDF72-887A-4DCE-B09A-8C90A04695BC}.Release|Any CPU.ActiveCfg = Release|Any CPU
		{43AFDF72-887A-4DCE-B09A-8C90A04695BC}.Release|Any CPU.Build.0 = Release|Any CPU
		{1892BC8F-9B3D-451F-B468-7ADD0C382086}.Debug|Any CPU.ActiveCfg = Debug|Any CPU
		{1892BC8F-9B3D-451F-B468-7ADD0C382086}.Debug|Any CPU.Build.0 = Debug|Any CPU
		{1892BC8F-9B3D-451F-B468-7ADD0C382086}.Release|Any CPU.ActiveCfg = Release|Any CPU
		{1892BC8F-9B3D-451F-B468-7ADD0C382086}.Release|Any CPU.Build.0 = Release|Any CPU
		{E4A86946-C4B8-44EB-8D80-105937F31BFD}.Debug|Any CPU.ActiveCfg = Debug|Any CPU
		{E4A86946-C4B8-44EB-8D80-105937F31BFD}.Debug|Any CPU.Build.0 = Debug|Any CPU
		{E4A86946-C4B8-44EB-8D80-105937F31BFD}.Release|Any CPU.ActiveCfg = Release|Any CPU
		{E4A86946-C4B8-44EB-8D80-105937F31BFD}.Release|Any CPU.Build.0 = Release|Any CPU
		{C11FBED8-0C33-4707-B0E9-DBF722D097FE}.Debug|Any CPU.ActiveCfg = Debug|Any CPU
		{C11FBED8-0C33-4707-B0E9-DBF722D097FE}.Debug|Any CPU.Build.0 = Debug|Any CPU
		{C11FBED8-0C33-4707-B0E9-DBF722D097FE}.Release|Any CPU.ActiveCfg = Release|Any CPU
		{C11FBED8-0C33-4707-B0E9-DBF722D097FE}.Release|Any CPU.Build.0 = Release|Any CPU
		{0D810859-AF5E-48C8-8D90-4EB64DA6D9BA}.Debug|Any CPU.ActiveCfg = Debug|Any CPU
		{0D810859-AF5E-48C8-8D90-4EB64DA6D9BA}.Debug|Any CPU.Build.0 = Debug|Any CPU
		{0D810859-AF5E-48C8-8D90-4EB64DA6D9BA}.Release|Any CPU.ActiveCfg = Release|Any CPU
		{0D810859-AF5E-48C8-8D90-4EB64DA6D9BA}.Release|Any CPU.Build.0 = Release|Any CPU
	EndGlobalSection
	GlobalSection(SolutionProperties) = preSolution
		HideSolutionNode = FALSE
	EndGlobalSection
	GlobalSection(ExtensibilityGlobals) = postSolution
		SolutionGuid = {BBE196FF-D6CC-44DB-A3E0-0FCD6B38A8B9}
	EndGlobalSection
EndGlobal
